<?xml version="1.0" encoding="utf-8"?>
<Project ToolsVersion="4.0" xmlns="http://schemas.microsoft.com/developer/msbuild/2003">
  <ItemGroup>
    <Filter Include="Source Files">
      <UniqueIdentifier>{4FC737F1-C7A5-4376-A066-2A32D752A2FF}</UniqueIdentifier>
      <Extensions>cpp;c;cc;cxx;def;odl;idl;hpj;bat;asm;asmx</Extensions>
    </Filter>
    <Filter Include="Header Files">
      <UniqueIdentifier>{93995380-89BD-4b04-88EB-625FBE52EBFB}</UniqueIdentifier>
      <Extensions>h;hh;hpp;hxx;hm;inl;inc;xsd</Extensions>
    </Filter>
    <Filter Include="Resource Files">
      <UniqueIdentifier>{67DA6AB6-F800-4c08-8B7A-83BB121AAD01}</UniqueIdentifier>
      <Extensions>rc;ico;cur;bmp;dlg;rc2;rct;bin;rgs;gif;jpg;jpeg;jpe;resx;tiff;tif;png;wav;mfcribbon-ms</Extensions>
    </Filter>
    <Filter Include="Header Files\Source SDK">
      <UniqueIdentifier>{ceb59a03-f554-4ea1-b879-3b94ed992706}</UniqueIdentifier>
    </Filter>
    <Filter Include="Header Files\Source SDK\Generic">
      <UniqueIdentifier>{d17848a8-3bfd-4074-a9ac-0ffb2c249da3}</UniqueIdentifier>
    </Filter>
    <Filter Include="Header Files\Source SDK\Classes">
      <UniqueIdentifier>{9cdf94f5-40a3-44f6-ade0-773138e9347f}</UniqueIdentifier>
    </Filter>
    <Filter Include="Header Files\Hooks">
      <UniqueIdentifier>{4e0ec2c9-16f8-49d3-bf2c-ace50bf0bf31}</UniqueIdentifier>
    </Filter>
  </ItemGroup>
  <ItemGroup>
    <ClInclude Include="Defines.h">
      <Filter>Header Files\Source SDK\Generic</Filter>
    </ClInclude>
    <ClInclude Include="IVEngineClient.h">
      <Filter>Header Files\Source SDK\Classes</Filter>
    </ClInclude>
    <ClInclude Include="IClientEntity.h">
      <Filter>Header Files\Source SDK\Classes</Filter>
    </ClInclude>
    <ClInclude Include="IClientEntityList.h">
      <Filter>Header Files\Source SDK\Classes</Filter>
    </ClInclude>
    <ClInclude Include="SDK.h">
      <Filter>Header Files\Source SDK</Filter>
    </ClInclude>
    <ClInclude Include="DataTable.h">
      <Filter>Header Files\Source SDK\Classes</Filter>
    </ClInclude>
    <ClInclude Include="ClientClass.h">
      <Filter>Header Files\Source SDK\Classes</Filter>
    </ClInclude>
    <ClInclude Include="IBaseClientDLL.h">
      <Filter>Header Files\Source SDK\Classes</Filter>
    </ClInclude>
    <ClInclude Include="IVModelInfoClient.h">
      <Filter>Header Files\Source SDK\Classes</Filter>
    </ClInclude>
    <ClInclude Include="Proxies.h">
      <Filter>Header Files</Filter>
    </ClInclude>
    <ClInclude Include="Skins.h">
      <Filter>Header Files</Filter>
    </ClInclude>
    <ClInclude Include="IGameEvents.h">
      <Filter>Header Files\Source SDK\Classes</Filter>
    </ClInclude>
    <ClInclude Include="FireEventClientSide.h">
      <Filter>Header Files\Hooks</Filter>
    </ClInclude>
    <ClInclude Include="Functions.h">
      <Filter>Header Files</Filter>
    </ClInclude>
  </ItemGroup>
  <ItemGroup>
    <ClCompile Include="Chameleon.cpp">
      <Filter>Source Files</Filter>
    </ClCompile>
  </ItemGroup>
  <ItemGroup>
    <None Include="FrameStageNotify.h">
      <Filter>Header Files\Hooks</Filter>
    </None>
  </ItemGroup>
</Project>